
Microsoft Visual Studio Solution File, Format Version 12.00
# Visual Studio Version 17
VisualStudioVersion = 17.2.32210.308
MinimumVisualStudioVersion = 10.0.40219.1
Project("{2150E333-8FDC-42A3-9474-1A3956D46DE8}") = "Solution Items", "Solution Items", "{D587B5E1-06B4-4CA7-8FE4-62B0DF71BAD6}"
	ProjectSection(SolutionItems) = preProject
		.editorconfig = .editorconfig
		.gitattributes = .gitattributes
		.gitignore = .gitignore
		.netconfig = .netconfig
		README.md = README.md
		Directory.Build.targets = Directory.Build.targets
		stryker-config.json = stryker-config.json
		LICENSE = LICENSE
		Directory.Build.props = Directory.Build.props
		stylecop.json = stylecop.json
		Directory.Packages.props = Directory.Packages.props
		.deepsource.toml = .deepsource.toml
	EndProjectSection
EndProject
Project("{2150E333-8FDC-42A3-9474-1A3956D46DE8}") = "tests", "tests", "{9AD1AB50-CB0F-43D9-B721-DE1572FC6875}"
	ProjectSection(SolutionItems) = preProject
		tests\Directory.Build.props = tests\Directory.Build.props
		tests\GlobalUsings.cs = tests\GlobalUsings.cs
	EndProjectSection
EndProject
Project("{2150E333-8FDC-42A3-9474-1A3956D46DE8}") = ".config", ".config", "{4B4AC601-355C-4D3B-BB6D-9F220648952B}"
	ProjectSection(SolutionItems) = preProject
		.config\dotnet-tools.json = .config\dotnet-tools.json
	EndProjectSection
EndProject
Project("{2150E333-8FDC-42A3-9474-1A3956D46DE8}") = ".github", ".github", "{E5BBC6F7-E046-48B6-A870-D115644713DD}"
	ProjectSection(SolutionItems) = preProject
		.github\CODEOWNERS = .github\CODEOWNERS
		.github\dependabot.yml = .github\dependabot.yml
	EndProjectSection
EndProject
Project("{2150E333-8FDC-42A3-9474-1A3956D46DE8}") = "workflows", "workflows", "{9BFC64AB-0E3C-4EE2-959E-7D5F0455ADC4}"
	ProjectSection(SolutionItems) = preProject
		.github\workflows\dotnet.yml = .github\workflows\dotnet.yml
		.github\workflows\codeql.yml = .github\workflows\codeql.yml
		.github\workflows\dependency-review.yml = .github\workflows\dependency-review.yml
		.github\workflows\scorecard.yml = .github\workflows\scorecard.yml
	EndProjectSection
EndProject
Project("{2150E333-8FDC-42A3-9474-1A3956D46DE8}") = "tools", "tools", "{293A6DEE-237E-45F8-B770-717F6846A913}"
	ProjectSection(SolutionItems) = preProject
		tools\code-coverage.bat = tools\code-coverage.bat
		tools\code-coverage.ps1 = tools\code-coverage.ps1
		tools\mutation-testing.bat = tools\mutation-testing.bat
		tools\mutation-testing.ps1 = tools\mutation-testing.ps1
		tools\benchmarks.bat = tools\benchmarks.bat
		tools\benchmarks.ps1 = tools\benchmarks.ps1
	EndProjectSection
EndProject
Project("{2150E333-8FDC-42A3-9474-1A3956D46DE8}") = "src", "src", "{6BFF3E0A-DE9E-4854-99CF-C8CB861B3FBE}"
	ProjectSection(SolutionItems) = preProject
		src\Directory.Build.props = src\Directory.Build.props
		src\GlobalUsings.cs = src\GlobalUsings.cs
	EndProjectSection
EndProject
Global
	GlobalSection(SolutionConfigurationPlatforms) = preSolution
		Debug|Any CPU = Debug|Any CPU
		Release|Any CPU = Release|Any CPU
	EndGlobalSection
	GlobalSection(ProjectConfigurationPlatforms) = postSolution
	EndGlobalSection
	GlobalSection(SolutionProperties) = preSolution
		HideSolutionNode = FALSE
	EndGlobalSection
	GlobalSection(NestedProjects) = preSolution
		{4B4AC601-355C-4D3B-BB6D-9F220648952B} = {D587B5E1-06B4-4CA7-8FE4-62B0DF71BAD6}
		{E5BBC6F7-E046-48B6-A870-D115644713DD} = {D587B5E1-06B4-4CA7-8FE4-62B0DF71BAD6}
		{9BFC64AB-0E3C-4EE2-959E-7D5F0455ADC4} = {E5BBC6F7-E046-48B6-A870-D115644713DD}
		{293A6DEE-237E-45F8-B770-717F6846A913} = {D587B5E1-06B4-4CA7-8FE4-62B0DF71BAD6}
	EndGlobalSection
	GlobalSection(ExtensibilityGlobals) = postSolution
		SolutionGuid = {1C5CCEAE-E0B4-4074-9291-2AAD38F9117F}
	EndGlobalSection
EndGlobal
